
Microsoft Visual Studio Solution File, Format Version 12.00
# Visual Studio Version 16
VisualStudioVersion = 16.0.31321.278
MinimumVisualStudioVersion = 10.0.40219.1
Project("{FAE04EC0-301F-11D3-BF4B-00C04F79EFBC}") = "API", "API\API.csproj", "{C2FF92C4-4440-4ED8-89CC-A8B1757B8FF7}"
EndProject
Global
	GlobalSection(SolutionConfigurationPlatforms) = preSolution
		Debug|Any CPU = Debug|Any CPU
		Release|Any CPU = Release|Any CPU
	EndGlobalSection
	GlobalSection(ProjectConfigurationPlatforms) = postSolution
		{C2FF92C4-4440-4ED8-89CC-A8B1757B8FF7}.Debug|Any CPU.ActiveCfg = Debug|Any CPU
		{C2FF92C4-4440-4ED8-89CC-A8B1757B8FF7}.Debug|Any CPU.Build.0 = Debug|Any CPU
		{C2FF92C4-4440-4ED8-89CC-A8B1757B8FF7}.Release|Any CPU.ActiveCfg = Release|Any CPU
		{C2FF92C4-4440-4ED8-89CC-A8B1757B8FF7}.Release|Any CPU.Build.0 = Release|Any CPU
	EndGlobalSection
	GlobalSection(SolutionProperties) = preSolution
		HideSolutionNode = FALSE
	EndGlobalSection
	GlobalSection(ExtensibilityGlobals) = postSolution
		SolutionGuid = {7C95D152-B71D-4DD1-9C6E-497EC57C26CF}
	EndGlobalSection
EndGlobal
